
Microsoft Visual Studio Solution File, Format Version 12.00
# Visual Studio Version 17
VisualStudioVersion = 17.4.33213.308
MinimumVisualStudioVersion = 10.0.40219.1
Project("{9A19103F-16F7-4668-BE54-9A1E7A4F7556}") = "User.API", "User.API\User.API.csproj", "{57B0C0FB-22BD-4CF9-805A-D4785C5E8B0E}"
EndProject
Project("{9A19103F-16F7-4668-BE54-9A1E7A4F7556}") = "User.BLL", "User.BLL\User.BLL.csproj", "{A1C62DBE-741C-43AD-BC9A-8C73826AF76A}"
EndProject
Project("{9A19103F-16F7-4668-BE54-9A1E7A4F7556}") = "User.DAL", "User.DAL\User.DAL.csproj", "{DD8776FF-DE5C-4F46-8D5B-599041E24967}"
EndProject
Project("{9A19103F-16F7-4668-BE54-9A1E7A4F7556}") = "User.DTOs", "User.DTOs\User.DTOs.csproj", "{D77949F1-DA85-46A6-A9C6-5660160F79D9}"
EndProject
Project("{9A19103F-16F7-4668-BE54-9A1E7A4F7556}") = "User.IOC", "User.IOC\User.IOC.csproj", "{A91FCF47-4948-49FB-BB85-C53D57E7F9B4}"
EndProject
Project("{9A19103F-16F7-4668-BE54-9A1E7A4F7556}") = "User.Model", "User.Model\User.Model.csproj", "{17186D43-115E-486B-89F1-7BD77EEC70EA}"
EndProject
Project("{9A19103F-16F7-4668-BE54-9A1E7A4F7556}") = "User.Utility", "User.Utility\User.Utility.csproj", "{20006778-1BB6-4B34-97F7-D917A9473871}"
EndProject
Project("{FAE04EC0-301F-11D3-BF4B-00C04F79EFBC}") = "UserFunctionality.Tests", "UserFunctionality.Tests\UserFunctionality.Tests.csproj", "{D96A934F-02F7-4E24-A950-C1938737A650}"
EndProject
Global
	GlobalSection(SolutionConfigurationPlatforms) = preSolution
		Debug|Any CPU = Debug|Any CPU
		Release|Any CPU = Release|Any CPU
	EndGlobalSection
	GlobalSection(ProjectConfigurationPlatforms) = postSolution
		{57B0C0FB-22BD-4CF9-805A-D4785C5E8B0E}.Debug|Any CPU.ActiveCfg = Debug|Any CPU
		{57B0C0FB-22BD-4CF9-805A-D4785C5E8B0E}.Debug|Any CPU.Build.0 = Debug|Any CPU
		{57B0C0FB-22BD-4CF9-805A-D4785C5E8B0E}.Release|Any CPU.ActiveCfg = Release|Any CPU
		{57B0C0FB-22BD-4CF9-805A-D4785C5E8B0E}.Release|Any CPU.Build.0 = Release|Any CPU
		{A1C62DBE-741C-43AD-BC9A-8C73826AF76A}.Debug|Any CPU.ActiveCfg = Debug|Any CPU
		{A1C62DBE-741C-43AD-BC9A-8C73826AF76A}.Debug|Any CPU.Build.0 = Debug|Any CPU
		{A1C62DBE-741C-43AD-BC9A-8C73826AF76A}.Release|Any CPU.ActiveCfg = Release|Any CPU
		{A1C62DBE-741C-43AD-BC9A-8C73826AF76A}.Release|Any CPU.Build.0 = Release|Any CPU
		{DD8776FF-DE5C-4F46-8D5B-599041E24967}.Debug|Any CPU.ActiveCfg = Debug|Any CPU
		{DD8776FF-DE5C-4F46-8D5B-599041E24967}.Debug|Any CPU.Build.0 = Debug|Any CPU
		{DD8776FF-DE5C-4F46-8D5B-599041E24967}.Release|Any CPU.ActiveCfg = Release|Any CPU
		{DD8776FF-DE5C-4F46-8D5B-599041E24967}.Release|Any CPU.Build.0 = Release|Any CPU
		{D77949F1-DA85-46A6-A9C6-5660160F79D9}.Debug|Any CPU.ActiveCfg = Debug|Any CPU
		{D77949F1-DA85-46A6-A9C6-5660160F79D9}.Debug|Any CPU.Build.0 = Debug|Any CPU
		{D77949F1-DA85-46A6-A9C6-5660160F79D9}.Release|Any CPU.ActiveCfg = Release|Any CPU
		{D77949F1-DA85-46A6-A9C6-5660160F79D9}.Release|Any CPU.Build.0 = Release|Any CPU
		{A91FCF47-4948-49FB-BB85-C53D57E7F9B4}.Debug|Any CPU.ActiveCfg = Debug|Any CPU
		{A91FCF47-4948-49FB-BB85-C53D57E7F9B4}.Debug|Any CPU.Build.0 = Debug|Any CPU
		{A91FCF47-4948-49FB-BB85-C53D57E7F9B4}.Release|Any CPU.ActiveCfg = Release|Any CPU
		{A91FCF47-4948-49FB-BB85-C53D57E7F9B4}.Release|Any CPU.Build.0 = Release|Any CPU
		{17186D43-115E-486B-89F1-7BD77EEC70EA}.Debug|Any CPU.ActiveCfg = Debug|Any CPU
		{17186D43-115E-486B-89F1-7BD77EEC70EA}.Debug|Any CPU.Build.0 = Debug|Any CPU
		{17186D43-115E-486B-89F1-7BD77EEC70EA}.Release|Any CPU.ActiveCfg = Release|Any CPU
		{17186D43-115E-486B-89F1-7BD77EEC70EA}.Release|Any CPU.Build.0 = Release|Any CPU
		{20006778-1BB6-4B34-97F7-D917A9473871}.Debug|Any CPU.ActiveCfg = Debug|Any CPU
		{20006778-1BB6-4B34-97F7-D917A9473871}.Debug|Any CPU.Build.0 = Debug|Any CPU
		{20006778-1BB6-4B34-97F7-D917A9473871}.Release|Any CPU.ActiveCfg = Release|Any CPU
		{20006778-1BB6-4B34-97F7-D917A9473871}.Release|Any CPU.Build.0 = Release|Any CPU
		{D96A934F-02F7-4E24-A950-C1938737A650}.Debug|Any CPU.ActiveCfg = Debug|Any CPU
		{D96A934F-02F7-4E24-A950-C1938737A650}.Debug|Any CPU.Build.0 = Debug|Any CPU
		{D96A934F-02F7-4E24-A950-C1938737A650}.Release|Any CPU.ActiveCfg = Release|Any CPU
		{D96A934F-02F7-4E24-A950-C1938737A650}.Release|Any CPU.Build.0 = Release|Any CPU
	EndGlobalSection
	GlobalSection(SolutionProperties) = preSolution
		HideSolutionNode = FALSE
	EndGlobalSection
	GlobalSection(ExtensibilityGlobals) = postSolution
		SolutionGuid = {2E1BF6D0-90EF-4F2D-9F68-6D86DDAB42B9}
	EndGlobalSection
EndGlobal
